
Microsoft Visual Studio Solution File, Format Version 12.00
# Visual Studio Version 17
VisualStudioVersion = 17.3.32922.545
MinimumVisualStudioVersion = 10.0.40219.1
Project("{FAE04EC0-301F-11D3-BF4B-00C04F79EFBC}") = "CoffeeApiEndpoint", "CoffeeApiEndpoint\CoffeeApiEndpoint.csproj", "{33519042-7E4B-4468-A1DD-9E77CC801684}"
EndProject
Global
	GlobalSection(SolutionConfigurationPlatforms) = preSolution
		Debug|Any CPU = Debug|Any CPU
		Release|Any CPU = Release|Any CPU
	EndGlobalSection
	GlobalSection(ProjectConfigurationPlatforms) = postSolution
		{33519042-7E4B-4468-A1DD-9E77CC801684}.Debug|Any CPU.ActiveCfg = Debug|Any CPU
		{33519042-7E4B-4468-A1DD-9E77CC801684}.Debug|Any CPU.Build.0 = Debug|Any CPU
		{33519042-7E4B-4468-A1DD-9E77CC801684}.Release|Any CPU.ActiveCfg = Release|Any CPU
		{33519042-7E4B-4468-A1DD-9E77CC801684}.Release|Any CPU.Build.0 = Release|Any CPU
	EndGlobalSection
	GlobalSection(SolutionProperties) = preSolution
		HideSolutionNode = FALSE
	EndGlobalSection
	GlobalSection(ExtensibilityGlobals) = postSolution
		SolutionGuid = {850CE2CB-89FC-4147-8663-DA584CC81545}
	EndGlobalSection
EndGlobal
